Microsoft Visual Studio Solution File, Format Version 12.00
# Visual Studio Version 17
VisualStudioVersion = 17.5.2.0
MinimumVisualStudioVersion = 10.0.40219.1
Project("{FAE04EC0-301F-11D3-BF4B-00C04F79EFBC}") = "aws-secrets-migrator", "aws-secrets-migrator.csproj", "{268F6187-725C-9D72-470C-4F791E0DD9FF}"
EndProject
Global
	GlobalSection(SolutionConfigurationPlatforms) = preSolution
		Debug|Any CPU = Debug|Any CPU
		Release|Any CPU = Release|Any CPU
	EndGlobalSection
	GlobalSection(ProjectConfigurationPlatforms) = postSolution
		{268F6187-725C-9D72-470C-4F791E0DD9FF}.Debug|Any CPU.ActiveCfg = Debug|Any CPU
		{268F6187-725C-9D72-470C-4F791E0DD9FF}.Debug|Any CPU.Build.0 = Debug|Any CPU
		{268F6187-725C-9D72-470C-4F791E0DD9FF}.Release|Any CPU.ActiveCfg = Release|Any CPU
		{268F6187-725C-9D72-470C-4F791E0DD9FF}.Release|Any CPU.Build.0 = Release|Any CPU
	EndGlobalSection
	GlobalSection(SolutionProperties) = preSolution
		HideSolutionNode = FALSE
	EndGlobalSection
	GlobalSection(ExtensibilityGlobals) = postSolution
		SolutionGuid = {88F1ECF3-35F6-455F-9656-6349AA2CA9E1}
	EndGlobalSection
EndGlobal
